Microsoft Visual Studio Solution File, Format Version 12.00
# Visual Studio Version 17
VisualStudioVersion = 17.5.2.0
MinimumVisualStudioVersion = 10.0.40219.1
Project("{FAE04EC0-301F-11D3-BF4B-00C04F79EFBC}") = "hw4.2-calculator", "hw4.2-calculator.csproj", "{0E739025-6F18-4286-9773-0346E1A362E8}"
EndProject
Global
	GlobalSection(SolutionConfigurationPlatforms) = preSolution
		Debug|Any CPU = Debug|Any CPU
		Release|Any CPU = Release|Any CPU
	EndGlobalSection
	GlobalSection(ProjectConfigurationPlatforms) = postSolution
		{0E739025-6F18-4286-9773-0346E1A362E8}.Debug|Any CPU.ActiveCfg = Debug|Any CPU
		{0E739025-6F18-4286-9773-0346E1A362E8}.Debug|Any CPU.Build.0 = Debug|Any CPU
		{0E739025-6F18-4286-9773-0346E1A362E8}.Release|Any CPU.ActiveCfg = Release|Any CPU
		{0E739025-6F18-4286-9773-0346E1A362E8}.Release|Any CPU.Build.0 = Release|Any CPU
	EndGlobalSection
	GlobalSection(SolutionProperties) = preSolution
		HideSolutionNode = FALSE
	EndGlobalSection
	GlobalSection(ExtensibilityGlobals) = postSolution
		SolutionGuid = {7FB628E0-17F5-47D4-AF99-3A504948BBD4}
	EndGlobalSection
EndGlobal
